
Microsoft Visual Studio Solution File, Format Version 12.00
# Visual Studio Version 16
VisualStudioVersion = 16.0.30621.155
MinimumVisualStudioVersion = 10.0.40219.1
Project("{888888A0-9F3D-457C-B088-3A5042F75D52}") = "TravelingSalesman", "TravelingSalesman\TravelingSalesman.pyproj", "{2220DF9E-3881-45E6-9297-DFCE89B09908}"
EndProject
Global
	GlobalSection(SolutionConfigurationPlatforms) = preSolution
		Debug|Any CPU = Debug|Any CPU
		Release|Any CPU = Release|Any CPU
	EndGlobalSection
	GlobalSection(ProjectConfigurationPlatforms) = postSolution
		{2220DF9E-3881-45E6-9297-DFCE89B09908}.Debug|Any CPU.ActiveCfg = Debug|Any CPU
		{2220DF9E-3881-45E6-9297-DFCE89B09908}.Release|Any CPU.ActiveCfg = Release|Any CPU
	EndGlobalSection
	GlobalSection(SolutionProperties) = preSolution
		HideSolutionNode = FALSE
	EndGlobalSection
	GlobalSection(ExtensibilityGlobals) = postSolution
		SolutionGuid = {899877DB-7B3E-4EE5-AF38-C88E4B8B648E}
	EndGlobalSection
EndGlobal
